
Microsoft Visual Studio Solution File, Format Version 12.00
Project("{F2A71F9B-5D33-465A-A702-920D77279786}") = "AdventOfCode", "AdventOfCode.fsproj", "{CC152AD3-A303-4A11-8514-112EBC1E5C99}"
EndProject
Global
	GlobalSection(SolutionConfigurationPlatforms) = preSolution
		Debug|Any CPU = Debug|Any CPU
		Release|Any CPU = Release|Any CPU
	EndGlobalSection
	GlobalSection(ProjectConfigurationPlatforms) = postSolution
		{CC152AD3-A303-4A11-8514-112EBC1E5C99}.Debug|Any CPU.ActiveCfg = Debug|Any CPU
		{CC152AD3-A303-4A11-8514-112EBC1E5C99}.Debug|Any CPU.Build.0 = Debug|Any CPU
		{CC152AD3-A303-4A11-8514-112EBC1E5C99}.Release|Any CPU.ActiveCfg = Release|Any CPU
		{CC152AD3-A303-4A11-8514-112EBC1E5C99}.Release|Any CPU.Build.0 = Release|Any CPU
	EndGlobalSection
EndGlobal
